
Microsoft Visual Studio Solution File, Format Version 12.00
# Visual Studio Version 17
VisualStudioVersion = 17.10.35027.167
MinimumVisualStudioVersion = 10.0.40219.1
Project("{9A19103F-16F7-4668-BE54-9A1E7A4F7556}") = "MenuItemListing.WebAPI", "MenuItemListing.WebAPI.csproj", "{4C3EB5DB-3999-4F61-854E-CFA8D50C7950}"
EndProject
Project("{2150E333-8FDC-42A3-9474-1A3956D46DE8}") = "TruYum", "TruYum", "{A82EB65F-0D5B-4028-B52D-B4526745BE14}"
EndProject
Project("{2150E333-8FDC-42A3-9474-1A3956D46DE8}") = "ApiLayer", "ApiLayer", "{6B608234-25C5-46B5-BE3B-5FBC4D682E50}"
EndProject
Project("{2150E333-8FDC-42A3-9474-1A3956D46DE8}") = "DomainLayer", "DomainLayer", "{389CC76F-D9C0-4D69-B491-E8435F625855}"
EndProject
Project("{2150E333-8FDC-42A3-9474-1A3956D46DE8}") = "Datalayer", "Datalayer", "{EF81764C-46EC-4ABF-9A2A-D8E94740EABA}"
EndProject
Project("{9A19103F-16F7-4668-BE54-9A1E7A4F7556}") = "TruYum.Domain", "..\TruYum.Domain\TruYum.Domain.csproj", "{C6D10B5D-40E2-455D-A19B-D707FAD734C4}"
EndProject
Project("{9A19103F-16F7-4668-BE54-9A1E7A4F7556}") = "OrderItem.WebAPI", "..\OrderItem\OrderItem.WebAPI.csproj", "{19699769-A6C4-48D3-A047-DA5537B66468}"
EndProject
Project("{2150E333-8FDC-42A3-9474-1A3956D46DE8}") = "PresentationLayer", "PresentationLayer", "{B2DA17D4-6177-4925-A0B8-AA5820343B35}"
EndProject
Project("{9A19103F-16F7-4668-BE54-9A1E7A4F7556}") = "ConsoleApp16", "..\ConsoleApp16\ConsoleApp16.csproj", "{2DE50443-6FD4-4AD1-A181-2537666041BA}"
EndProject
Global
	GlobalSection(SolutionConfigurationPlatforms) = preSolution
		Debug|Any CPU = Debug|Any CPU
		Release|Any CPU = Release|Any CPU
	EndGlobalSection
	GlobalSection(ProjectConfigurationPlatforms) = postSolution
		{4C3EB5DB-3999-4F61-854E-CFA8D50C7950}.Debug|Any CPU.ActiveCfg = Debug|Any CPU
		{4C3EB5DB-3999-4F61-854E-CFA8D50C7950}.Debug|Any CPU.Build.0 = Debug|Any CPU
		{4C3EB5DB-3999-4F61-854E-CFA8D50C7950}.Release|Any CPU.ActiveCfg = Release|Any CPU
		{4C3EB5DB-3999-4F61-854E-CFA8D50C7950}.Release|Any CPU.Build.0 = Release|Any CPU
		{C6D10B5D-40E2-455D-A19B-D707FAD734C4}.Debug|Any CPU.ActiveCfg = Debug|Any CPU
		{C6D10B5D-40E2-455D-A19B-D707FAD734C4}.Debug|Any CPU.Build.0 = Debug|Any CPU
		{C6D10B5D-40E2-455D-A19B-D707FAD734C4}.Release|Any CPU.ActiveCfg = Release|Any CPU
		{C6D10B5D-40E2-455D-A19B-D707FAD734C4}.Release|Any CPU.Build.0 = Release|Any CPU
		{19699769-A6C4-48D3-A047-DA5537B66468}.Debug|Any CPU.ActiveCfg = Debug|Any CPU
		{19699769-A6C4-48D3-A047-DA5537B66468}.Debug|Any CPU.Build.0 = Debug|Any CPU
		{19699769-A6C4-48D3-A047-DA5537B66468}.Release|Any CPU.ActiveCfg = Release|Any CPU
		{19699769-A6C4-48D3-A047-DA5537B66468}.Release|Any CPU.Build.0 = Release|Any CPU
		{2DE50443-6FD4-4AD1-A181-2537666041BA}.Debug|Any CPU.ActiveCfg = Debug|Any CPU
		{2DE50443-6FD4-4AD1-A181-2537666041BA}.Debug|Any CPU.Build.0 = Debug|Any CPU
		{2DE50443-6FD4-4AD1-A181-2537666041BA}.Release|Any CPU.ActiveCfg = Release|Any CPU
		{2DE50443-6FD4-4AD1-A181-2537666041BA}.Release|Any CPU.Build.0 = Release|Any CPU
	EndGlobalSection
	GlobalSection(SolutionProperties) = preSolution
		HideSolutionNode = FALSE
	EndGlobalSection
	GlobalSection(NestedProjects) = preSolution
		{4C3EB5DB-3999-4F61-854E-CFA8D50C7950} = {6B608234-25C5-46B5-BE3B-5FBC4D682E50}
		{6B608234-25C5-46B5-BE3B-5FBC4D682E50} = {A82EB65F-0D5B-4028-B52D-B4526745BE14}
		{389CC76F-D9C0-4D69-B491-E8435F625855} = {A82EB65F-0D5B-4028-B52D-B4526745BE14}
		{EF81764C-46EC-4ABF-9A2A-D8E94740EABA} = {A82EB65F-0D5B-4028-B52D-B4526745BE14}
		{C6D10B5D-40E2-455D-A19B-D707FAD734C4} = {389CC76F-D9C0-4D69-B491-E8435F625855}
		{19699769-A6C4-48D3-A047-DA5537B66468} = {6B608234-25C5-46B5-BE3B-5FBC4D682E50}
		{B2DA17D4-6177-4925-A0B8-AA5820343B35} = {A82EB65F-0D5B-4028-B52D-B4526745BE14}
		{2DE50443-6FD4-4AD1-A181-2537666041BA} = {B2DA17D4-6177-4925-A0B8-AA5820343B35}
	EndGlobalSection
	GlobalSection(ExtensibilityGlobals) = postSolution
		SolutionGuid = {D29D3A1E-1823-4062-9316-02E1E880C222}
	EndGlobalSection
EndGlobal
